
Microsoft Visual Studio Solution File, Format Version 12.00
# Visual Studio Version 17
VisualStudioVersion = 17.3.32804.467
MinimumVisualStudioVersion = 10.0.40219.1
Project("{9A19103F-16F7-4668-BE54-9A1E7A4F7556}") = "AjudaFacilV3", "AjudaFacilV3.csproj", "{53E9680C-F145-4A21-A41F-6AFED879118D}"
EndProject
Global
	GlobalSection(SolutionConfigurationPlatforms) = preSolution
		Debug|Any CPU = Debug|Any CPU
		Release|Any CPU = Release|Any CPU
	EndGlobalSection
	GlobalSection(ProjectConfigurationPlatforms) = postSolution
		{53E9680C-F145-4A21-A41F-6AFED879118D}.Debug|Any CPU.ActiveCfg = Debug|Any CPU
		{53E9680C-F145-4A21-A41F-6AFED879118D}.Debug|Any CPU.Build.0 = Debug|Any CPU
		{53E9680C-F145-4A21-A41F-6AFED879118D}.Release|Any CPU.ActiveCfg = Release|Any CPU
		{53E9680C-F145-4A21-A41F-6AFED879118D}.Release|Any CPU.Build.0 = Release|Any CPU
	EndGlobalSection
	GlobalSection(SolutionProperties) = preSolution
		HideSolutionNode = FALSE
	EndGlobalSection
	GlobalSection(ExtensibilityGlobals) = postSolution
		SolutionGuid = {1AE8D5E0-02FF-4B53-A612-9EE3892F87FA}
	EndGlobalSection
EndGlobal
